
Microsoft Visual Studio Solution File, Format Version 12.00
# Visual Studio Version 17
VisualStudioVersion = 17.2.32630.192
MinimumVisualStudioVersion = 10.0.40219.1
Project("{FAE04EC0-301F-11D3-BF4B-00C04F79EFBC}") = "HERMETYC-SECURE", "HERMETYC-SECURE\HERMETYC-SECURE.csproj", "{558370BE-05F8-43BF-B47A-4CCE2E73C43F}"
EndProject
Global
	GlobalSection(SolutionConfigurationPlatforms) = preSolution
		Debug|Any CPU = Debug|Any CPU
		Release|Any CPU = Release|Any CPU
	EndGlobalSection
	GlobalSection(ProjectConfigurationPlatforms) = postSolution
		{558370BE-05F8-43BF-B47A-4CCE2E73C43F}.Debug|Any CPU.ActiveCfg = Debug|Any CPU
		{558370BE-05F8-43BF-B47A-4CCE2E73C43F}.Debug|Any CPU.Build.0 = Debug|Any CPU
		{558370BE-05F8-43BF-B47A-4CCE2E73C43F}.Release|Any CPU.ActiveCfg = Release|Any CPU
		{558370BE-05F8-43BF-B47A-4CCE2E73C43F}.Release|Any CPU.Build.0 = Release|Any CPU
	EndGlobalSection
	GlobalSection(SolutionProperties) = preSolution
		HideSolutionNode = FALSE
	EndGlobalSection
	GlobalSection(ExtensibilityGlobals) = postSolution
		SolutionGuid = {25637BB1-1CF6-4E5B-9877-C2C825EC10A7}
	EndGlobalSection
EndGlobal
